
Microsoft Visual Studio Solution File, Format Version 12.00
# Visual Studio Version 16
VisualStudioVersion = 16.0.31729.503
MinimumVisualStudioVersion = 10.0.40219.1
Project("{FAE04EC0-301F-11D3-BF4B-00C04F79EFBC}") = "1094841_HW2", "1094841_HW2\1094841_HW2.csproj", "{C6000180-E190-49F9-B89D-3C116F975053}"
EndProject
Global
	GlobalSection(SolutionConfigurationPlatforms) = preSolution
		Debug|Any CPU = Debug|Any CPU
		Release|Any CPU = Release|Any CPU
	EndGlobalSection
	GlobalSection(ProjectConfigurationPlatforms) = postSolution
		{C6000180-E190-49F9-B89D-3C116F975053}.Debug|Any CPU.ActiveCfg = Debug|Any CPU
		{C6000180-E190-49F9-B89D-3C116F975053}.Debug|Any CPU.Build.0 = Debug|Any CPU
		{C6000180-E190-49F9-B89D-3C116F975053}.Release|Any CPU.ActiveCfg = Release|Any CPU
		{C6000180-E190-49F9-B89D-3C116F975053}.Release|Any CPU.Build.0 = Release|Any CPU
	EndGlobalSection
	GlobalSection(SolutionProperties) = preSolution
		HideSolutionNode = FALSE
	EndGlobalSection
	GlobalSection(ExtensibilityGlobals) = postSolution
		SolutionGuid = {2537FF40-5F92-4806-892C-1B020557AB0B}
	EndGlobalSection
EndGlobal
